
Microsoft Visual Studio Solution File, Format Version 12.00
# Visual Studio Version 16
VisualStudioVersion = 16.0.30114.105
MinimumVisualStudioVersion = 10.0.40219.1
Project("{FAE04EC0-301F-11D3-BF4B-00C04F79EFBC}") = "api", "api\api.csproj", "{15120176-583F-407A-A62F-38C6A789D67F}"
EndProject
Project("{FAE04EC0-301F-11D3-BF4B-00C04F79EFBC}") = "data", "data\data.csproj", "{3BDC65BB-E8EE-4ABE-B389-062C5BC158B2}"
EndProject
Project("{FAE04EC0-301F-11D3-BF4B-00C04F79EFBC}") = "ui", "ui\ui.csproj", "{63B12F60-2E5B-4085-9F63-966A8977D3F7}"
EndProject
Project("{FAE04EC0-301F-11D3-BF4B-00C04F79EFBC}") = "shared", "shared\shared.csproj", "{70F68207-45FC-426C-AAA6-0E3C8E24372A}"
EndProject
Project("{FAE04EC0-301F-11D3-BF4B-00C04F79EFBC}") = "cli", "cli\cli.csproj", "{2C13DCBC-28A9-4788-8F58-8298F01470B5}"
EndProject
Global
	GlobalSection(SolutionConfigurationPlatforms) = preSolution
		Debug|Any CPU = Debug|Any CPU
		Release|Any CPU = Release|Any CPU
	EndGlobalSection
	GlobalSection(SolutionProperties) = preSolution
		HideSolutionNode = FALSE
	EndGlobalSection
	GlobalSection(ProjectConfigurationPlatforms) = postSolution
		{15120176-583F-407A-A62F-38C6A789D67F}.Debug|Any CPU.ActiveCfg = Debug|Any CPU
		{15120176-583F-407A-A62F-38C6A789D67F}.Debug|Any CPU.Build.0 = Debug|Any CPU
		{15120176-583F-407A-A62F-38C6A789D67F}.Release|Any CPU.ActiveCfg = Release|Any CPU
		{15120176-583F-407A-A62F-38C6A789D67F}.Release|Any CPU.Build.0 = Release|Any CPU
		{3BDC65BB-E8EE-4ABE-B389-062C5BC158B2}.Debug|Any CPU.ActiveCfg = Debug|Any CPU
		{3BDC65BB-E8EE-4ABE-B389-062C5BC158B2}.Debug|Any CPU.Build.0 = Debug|Any CPU
		{3BDC65BB-E8EE-4ABE-B389-062C5BC158B2}.Release|Any CPU.ActiveCfg = Release|Any CPU
		{3BDC65BB-E8EE-4ABE-B389-062C5BC158B2}.Release|Any CPU.Build.0 = Release|Any CPU
		{63B12F60-2E5B-4085-9F63-966A8977D3F7}.Debug|Any CPU.ActiveCfg = Debug|Any CPU
		{63B12F60-2E5B-4085-9F63-966A8977D3F7}.Debug|Any CPU.Build.0 = Debug|Any CPU
		{63B12F60-2E5B-4085-9F63-966A8977D3F7}.Release|Any CPU.ActiveCfg = Release|Any CPU
		{63B12F60-2E5B-4085-9F63-966A8977D3F7}.Release|Any CPU.Build.0 = Release|Any CPU
		{70F68207-45FC-426C-AAA6-0E3C8E24372A}.Debug|Any CPU.ActiveCfg = Debug|Any CPU
		{70F68207-45FC-426C-AAA6-0E3C8E24372A}.Debug|Any CPU.Build.0 = Debug|Any CPU
		{70F68207-45FC-426C-AAA6-0E3C8E24372A}.Release|Any CPU.ActiveCfg = Release|Any CPU
		{70F68207-45FC-426C-AAA6-0E3C8E24372A}.Release|Any CPU.Build.0 = Release|Any CPU
		{2C13DCBC-28A9-4788-8F58-8298F01470B5}.Debug|Any CPU.ActiveCfg = Debug|Any CPU
		{2C13DCBC-28A9-4788-8F58-8298F01470B5}.Debug|Any CPU.Build.0 = Debug|Any CPU
		{2C13DCBC-28A9-4788-8F58-8298F01470B5}.Release|Any CPU.ActiveCfg = Release|Any CPU
		{2C13DCBC-28A9-4788-8F58-8298F01470B5}.Release|Any CPU.Build.0 = Release|Any CPU
	EndGlobalSection
EndGlobal
